
Microsoft Visual Studio Solution File, Format Version 12.00
# Visual Studio Version 17
VisualStudioVersion = 17.3.32901.215
MinimumVisualStudioVersion = 10.0.40219.1
Project("{FAE04EC0-301F-11D3-BF4B-00C04F79EFBC}") = "WebApplication12", "WebApplication12\WebApplication12.csproj", "{F48569C3-7F5A-423A-A824-ABA67F9CAB19}"
EndProject
Global
	GlobalSection(SolutionConfigurationPlatforms) = preSolution
		Debug|Any CPU = Debug|Any CPU
		Release|Any CPU = Release|Any CPU
	EndGlobalSection
	GlobalSection(ProjectConfigurationPlatforms) = postSolution
		{F48569C3-7F5A-423A-A824-ABA67F9CAB19}.Debug|Any CPU.ActiveCfg = Debug|Any CPU
		{F48569C3-7F5A-423A-A824-ABA67F9CAB19}.Debug|Any CPU.Build.0 = Debug|Any CPU
		{F48569C3-7F5A-423A-A824-ABA67F9CAB19}.Release|Any CPU.ActiveCfg = Release|Any CPU
		{F48569C3-7F5A-423A-A824-ABA67F9CAB19}.Release|Any CPU.Build.0 = Release|Any CPU
	EndGlobalSection
	GlobalSection(SolutionProperties) = preSolution
		HideSolutionNode = FALSE
	EndGlobalSection
	GlobalSection(ExtensibilityGlobals) = postSolution
		SolutionGuid = {11535DF5-F7C6-486C-B6E6-49230F5A6ECF}
	EndGlobalSection
EndGlobal
